
Microsoft Visual Studio Solution File, Format Version 12.00
# Visual Studio Version 17
VisualStudioVersion = 17.11.35303.130
MinimumVisualStudioVersion = 10.0.40219.1
Project("{9A19103F-16F7-4668-BE54-9A1E7A4F7556}") = "Electrify.SmartMeterUi", "Electrify.SmartMeterUi\Electrify.SmartMeterUi.csproj", "{554E12AA-D4F4-4087-B091-7F55A8DD5BCC}"
EndProject
Project("{9A19103F-16F7-4668-BE54-9A1E7A4F7556}") = "Electrify.AdminUi", "Electrify.AdminUi\Electrify.AdminUi.csproj", "{C2F46A56-D4D8-4774-BC3A-A10C28F0B18E}"
EndProject
Project("{9A19103F-16F7-4668-BE54-9A1E7A4F7556}") = "Electrify.Dlms", "Electrify.Dlms\Electrify.Dlms.csproj", "{85A81A69-CFFE-401E-A834-9E804C47B353}"
EndProject
Project("{9A19103F-16F7-4668-BE54-9A1E7A4F7556}") = "Electrify.Server", "Electrify.Server\Electrify.Server.csproj", "{8CC44742-4A31-40C9-90A1-1AC528085896}"
EndProject
Project("{9A19103F-16F7-4668-BE54-9A1E7A4F7556}") = "Electrify.Models", "Electrify.Models\Electrify.Models.csproj", "{FF8D5078-29C4-4019-BFEB-976E725A7822}"
EndProject
Project("{9A19103F-16F7-4668-BE54-9A1E7A4F7556}") = "Electrify.Server.ApiClient", "Electrify.Server.ApiClient\Electrify.Server.ApiClient.csproj", "{909DE2D9-DD5F-4C5D-9855-E45F80346C0E}"
EndProject
Project("{9A19103F-16F7-4668-BE54-9A1E7A4F7556}") = "Electrify.AdminUi.UnitTests", "Electrify.AdminUi.UnitTests\Electrify.AdminUi.UnitTests.csproj", "{DC077D91-F1A1-4E84-8F5A-ACF117B074CA}"
EndProject
Project("{9A19103F-16F7-4668-BE54-9A1E7A4F7556}") = "Electrify.Server.UnitTests", "Electrify.Server.UnitTests\Electrify.Server.UnitTests.csproj", "{35484928-F17E-4EB3-B084-AB8B09A29214}"
EndProject
Project("{9A19103F-16F7-4668-BE54-9A1E7A4F7556}") = "Electrify.AdminUi.Services", "Electrify.AdminUi.Services\Electrify.AdminUi.Services.csproj", "{BA08E259-2500-4F32-98E0-A26AF7C8A314}"
EndProject
Project("{9A19103F-16F7-4668-BE54-9A1E7A4F7556}") = "Electrify.SmartMeterUi.Services", "Electrify.SmartMeterUi.Services\Electrify.SmartMeterUi.Services.csproj", "{E85D2EE7-3D7D-44D8-8ABD-212D234BE5B9}"
EndProject
Project("{9A19103F-16F7-4668-BE54-9A1E7A4F7556}") = "Electrify.SmartMeterUi.UnitTests", "Electrify.SmartMeterUi.UnitTests\Electrify.SmartMeterUi.UnitTests.csproj", "{E89B651E-5CA9-458D-AE81-FCD7F9BFD6C6}"
EndProject
Project("{9A19103F-16F7-4668-BE54-9A1E7A4F7556}") = "Electrify.E2ETests", "Electrify.E2ETests\Electrify.E2ETests.csproj", "{FD39ED43-6166-407C-BB6E-866AF7A5FFE6}"
EndProject
Project("{9A19103F-16F7-4668-BE54-9A1E7A4F7556}") = "Electrify.UiComponents", "Electrify.UiComponents\Electrify.UiComponents.csproj", "{F46FB4E3-5574-4931-BB28-F6CA642240AE}"
EndProject
Project("{9A19103F-16F7-4668-BE54-9A1E7A4F7556}") = "Electrify.Dlms.UnitTests", "Electrify.Dlms.UnitTests\Electrify.Dlms.UnitTests.csproj", "{08844B5A-D3BA-4B84-8FED-21155AF88D80}"
EndProject
Project("{FAE04EC0-301F-11D3-BF4B-00C04F79EFBC}") = "Electrify.Protos", "Electrify.Protos\Electrify.Protos.csproj", "{A25F5017-76F9-4884-95F8-5A5F187B7043}"
EndProject
Project("{FAE04EC0-301F-11D3-BF4B-00C04F79EFBC}") = "Electrify.ComponentTests", "Electrify.ComponentTests\Electrify.ComponentTests.csproj", "{E0556975-B4E5-4543-B328-DDC1BD7F8F1D}"
EndProject
Global
	GlobalSection(SolutionConfigurationPlatforms) = preSolution
		Debug|Any CPU = Debug|Any CPU
		Release|Any CPU = Release|Any CPU
	EndGlobalSection
	GlobalSection(ProjectConfigurationPlatforms) = postSolution
		{554E12AA-D4F4-4087-B091-7F55A8DD5BCC}.Debug|Any CPU.ActiveCfg = Debug|Any CPU
		{554E12AA-D4F4-4087-B091-7F55A8DD5BCC}.Debug|Any CPU.Build.0 = Debug|Any CPU
		{554E12AA-D4F4-4087-B091-7F55A8DD5BCC}.Debug|Any CPU.Deploy.0 = Debug|Any CPU
		{554E12AA-D4F4-4087-B091-7F55A8DD5BCC}.Release|Any CPU.ActiveCfg = Release|Any CPU
		{554E12AA-D4F4-4087-B091-7F55A8DD5BCC}.Release|Any CPU.Build.0 = Release|Any CPU
		{554E12AA-D4F4-4087-B091-7F55A8DD5BCC}.Release|Any CPU.Deploy.0 = Release|Any CPU
		{C2F46A56-D4D8-4774-BC3A-A10C28F0B18E}.Debug|Any CPU.ActiveCfg = Debug|Any CPU
		{C2F46A56-D4D8-4774-BC3A-A10C28F0B18E}.Debug|Any CPU.Build.0 = Debug|Any CPU
		{C2F46A56-D4D8-4774-BC3A-A10C28F0B18E}.Debug|Any CPU.Deploy.0 = Debug|Any CPU
		{C2F46A56-D4D8-4774-BC3A-A10C28F0B18E}.Release|Any CPU.ActiveCfg = Release|Any CPU
		{C2F46A56-D4D8-4774-BC3A-A10C28F0B18E}.Release|Any CPU.Build.0 = Release|Any CPU
		{C2F46A56-D4D8-4774-BC3A-A10C28F0B18E}.Release|Any CPU.Deploy.0 = Release|Any CPU
		{85A81A69-CFFE-401E-A834-9E804C47B353}.Debug|Any CPU.ActiveCfg = Debug|Any CPU
		{85A81A69-CFFE-401E-A834-9E804C47B353}.Debug|Any CPU.Build.0 = Debug|Any CPU
		{85A81A69-CFFE-401E-A834-9E804C47B353}.Release|Any CPU.ActiveCfg = Release|Any CPU
		{85A81A69-CFFE-401E-A834-9E804C47B353}.Release|Any CPU.Build.0 = Release|Any CPU
		{8CC44742-4A31-40C9-90A1-1AC528085896}.Debug|Any CPU.ActiveCfg = Debug|Any CPU
		{8CC44742-4A31-40C9-90A1-1AC528085896}.Debug|Any CPU.Build.0 = Debug|Any CPU
		{8CC44742-4A31-40C9-90A1-1AC528085896}.Release|Any CPU.ActiveCfg = Release|Any CPU
		{8CC44742-4A31-40C9-90A1-1AC528085896}.Release|Any CPU.Build.0 = Release|Any CPU
		{FF8D5078-29C4-4019-BFEB-976E725A7822}.Debug|Any CPU.ActiveCfg = Debug|Any CPU
		{FF8D5078-29C4-4019-BFEB-976E725A7822}.Debug|Any CPU.Build.0 = Debug|Any CPU
		{FF8D5078-29C4-4019-BFEB-976E725A7822}.Release|Any CPU.ActiveCfg = Release|Any CPU
		{FF8D5078-29C4-4019-BFEB-976E725A7822}.Release|Any CPU.Build.0 = Release|Any CPU
		{909DE2D9-DD5F-4C5D-9855-E45F80346C0E}.Debug|Any CPU.ActiveCfg = Debug|Any CPU
		{909DE2D9-DD5F-4C5D-9855-E45F80346C0E}.Debug|Any CPU.Build.0 = Debug|Any CPU
		{909DE2D9-DD5F-4C5D-9855-E45F80346C0E}.Release|Any CPU.ActiveCfg = Release|Any CPU
		{909DE2D9-DD5F-4C5D-9855-E45F80346C0E}.Release|Any CPU.Build.0 = Release|Any CPU
		{DC077D91-F1A1-4E84-8F5A-ACF117B074CA}.Debug|Any CPU.ActiveCfg = Debug|Any CPU
		{DC077D91-F1A1-4E84-8F5A-ACF117B074CA}.Debug|Any CPU.Build.0 = Debug|Any CPU
		{DC077D91-F1A1-4E84-8F5A-ACF117B074CA}.Release|Any CPU.ActiveCfg = Release|Any CPU
		{DC077D91-F1A1-4E84-8F5A-ACF117B074CA}.Release|Any CPU.Build.0 = Release|Any CPU
		{35484928-F17E-4EB3-B084-AB8B09A29214}.Debug|Any CPU.ActiveCfg = Debug|Any CPU
		{35484928-F17E-4EB3-B084-AB8B09A29214}.Debug|Any CPU.Build.0 = Debug|Any CPU
		{35484928-F17E-4EB3-B084-AB8B09A29214}.Release|Any CPU.ActiveCfg = Release|Any CPU
		{35484928-F17E-4EB3-B084-AB8B09A29214}.Release|Any CPU.Build.0 = Release|Any CPU
		{BA08E259-2500-4F32-98E0-A26AF7C8A314}.Debug|Any CPU.ActiveCfg = Debug|Any CPU
		{BA08E259-2500-4F32-98E0-A26AF7C8A314}.Debug|Any CPU.Build.0 = Debug|Any CPU
		{BA08E259-2500-4F32-98E0-A26AF7C8A314}.Release|Any CPU.ActiveCfg = Release|Any CPU
		{BA08E259-2500-4F32-98E0-A26AF7C8A314}.Release|Any CPU.Build.0 = Release|Any CPU
		{E85D2EE7-3D7D-44D8-8ABD-212D234BE5B9}.Debug|Any CPU.ActiveCfg = Debug|Any CPU
		{E85D2EE7-3D7D-44D8-8ABD-212D234BE5B9}.Debug|Any CPU.Build.0 = Debug|Any CPU
		{E85D2EE7-3D7D-44D8-8ABD-212D234BE5B9}.Release|Any CPU.ActiveCfg = Release|Any CPU
		{E85D2EE7-3D7D-44D8-8ABD-212D234BE5B9}.Release|Any CPU.Build.0 = Release|Any CPU
		{E89B651E-5CA9-458D-AE81-FCD7F9BFD6C6}.Debug|Any CPU.ActiveCfg = Debug|Any CPU
		{E89B651E-5CA9-458D-AE81-FCD7F9BFD6C6}.Debug|Any CPU.Build.0 = Debug|Any CPU
		{E89B651E-5CA9-458D-AE81-FCD7F9BFD6C6}.Release|Any CPU.ActiveCfg = Release|Any CPU
		{E89B651E-5CA9-458D-AE81-FCD7F9BFD6C6}.Release|Any CPU.Build.0 = Release|Any CPU
		{FD39ED43-6166-407C-BB6E-866AF7A5FFE6}.Debug|Any CPU.ActiveCfg = Debug|Any CPU
		{FD39ED43-6166-407C-BB6E-866AF7A5FFE6}.Debug|Any CPU.Build.0 = Debug|Any CPU
		{FD39ED43-6166-407C-BB6E-866AF7A5FFE6}.Release|Any CPU.ActiveCfg = Release|Any CPU
		{FD39ED43-6166-407C-BB6E-866AF7A5FFE6}.Release|Any CPU.Build.0 = Release|Any CPU
		{F46FB4E3-5574-4931-BB28-F6CA642240AE}.Debug|Any CPU.ActiveCfg = Debug|Any CPU
		{F46FB4E3-5574-4931-BB28-F6CA642240AE}.Debug|Any CPU.Build.0 = Debug|Any CPU
		{F46FB4E3-5574-4931-BB28-F6CA642240AE}.Release|Any CPU.ActiveCfg = Release|Any CPU
		{F46FB4E3-5574-4931-BB28-F6CA642240AE}.Release|Any CPU.Build.0 = Release|Any CPU
		{08844B5A-D3BA-4B84-8FED-21155AF88D80}.Debug|Any CPU.ActiveCfg = Debug|Any CPU
		{08844B5A-D3BA-4B84-8FED-21155AF88D80}.Debug|Any CPU.Build.0 = Debug|Any CPU
		{08844B5A-D3BA-4B84-8FED-21155AF88D80}.Release|Any CPU.ActiveCfg = Release|Any CPU
		{08844B5A-D3BA-4B84-8FED-21155AF88D80}.Release|Any CPU.Build.0 = Release|Any CPU
		{A25F5017-76F9-4884-95F8-5A5F187B7043}.Debug|Any CPU.ActiveCfg = Debug|Any CPU
		{A25F5017-76F9-4884-95F8-5A5F187B7043}.Debug|Any CPU.Build.0 = Debug|Any CPU
		{A25F5017-76F9-4884-95F8-5A5F187B7043}.Release|Any CPU.ActiveCfg = Release|Any CPU
		{A25F5017-76F9-4884-95F8-5A5F187B7043}.Release|Any CPU.Build.0 = Release|Any CPU
		{F46FB4E3-5574-4931-BB28-F6CA642240AE}.Debug|Any CPU.ActiveCfg = Debug|Any CPU
		{F46FB4E3-5574-4931-BB28-F6CA642240AE}.Debug|Any CPU.Build.0 = Debug|Any CPU
		{F46FB4E3-5574-4931-BB28-F6CA642240AE}.Release|Any CPU.ActiveCfg = Release|Any CPU
		{F46FB4E3-5574-4931-BB28-F6CA642240AE}.Release|Any CPU.Build.0 = Release|Any CPU
		{E0556975-B4E5-4543-B328-DDC1BD7F8F1D}.Debug|Any CPU.ActiveCfg = Debug|Any CPU
		{E0556975-B4E5-4543-B328-DDC1BD7F8F1D}.Debug|Any CPU.Build.0 = Debug|Any CPU
		{E0556975-B4E5-4543-B328-DDC1BD7F8F1D}.Release|Any CPU.ActiveCfg = Release|Any CPU
		{E0556975-B4E5-4543-B328-DDC1BD7F8F1D}.Release|Any CPU.Build.0 = Release|Any CPU
	EndGlobalSection
	GlobalSection(SolutionProperties) = preSolution
		HideSolutionNode = FALSE
	EndGlobalSection
	GlobalSection(ExtensibilityGlobals) = postSolution
		SolutionGuid = {0A404E9C-B5EE-453F-A28C-BDBBD69B2CBF}
	EndGlobalSection
EndGlobal
